<?xml version="1.0" encoding="utf-8"?>
<Project ToolsVersion="4.0" xmlns="http://schemas.microsoft.com/developer/msbuild/2003">
  <ItemGroup>
    <Filter Include="Source Files">
      <UniqueIdentifier>{4FC737F1-C7A5-4376-A066-2A32D752A2FF}</UniqueIdentifier>
      <Extensions>cpp;c;cc;cxx;def;odl;idl;hpj;bat;asm;asmx</Extensions>
    </Filter>
    <Filter Include="Header Files">
      <UniqueIdentifier>{93995380-89BD-4b04-88EB-625FBE52EBFB}</UniqueIdentifier>
      <Extensions>h;hh;hpp;hxx;hm;inl;inc;xsd</Extensions>
    </Filter>
    <Filter Include="Resource Files">
      <UniqueIdentifier>{67DA6AB6-F800-4c08-8B7A-83BB121AAD01}</UniqueIdentifier>
      <Extensions>rc;ico;cur;bmp;dlg;rc2;rct;bin;rgs;gif;jpg;jpeg;jpe;resx;tiff;tif;png;wav;mfcribbon-ms</Extensions>
    </Filter>
  </ItemGroup>
  <ItemGroup>
    <ClCompile Include="Antario\Hooks.cpp">
      <Filter>Source Files</Filter>
    </ClCompile>
    <ClCompile Include="Antario\DLLMain.cpp">
      <Filter>Source Files</Filter>
    </ClCompile>
    <ClCompile Include="Antario\Utils\NetvarManager.cpp">
      <Filter>Source Files</Filter>
    </ClCompile>
    <ClCompile Include="Antario\Utils\Interfaces.cpp">
      <Filter>Source Files</Filter>
    </ClCompile>
    <ClCompile Include="Antario\Utils\DrawManager.cpp">
      <Filter>Source Files</Filter>
    </ClCompile>
    <ClCompile Include="Antario\Utils\D3DFont.cpp">
      <Filter>Source Files</Filter>
    </ClCompile>
    <ClCompile Include="Antario\Menu.cpp">
      <Filter>Source Files</Filter>
    </ClCompile>
    <ClCompile Include="Antario\Utils\GlobalVars.cpp">
      <Filter>Source Files</Filter>
    </ClCompile>
    <ClCompile Include="Antario\Settings.cpp">
      <Filter>Source Files</Filter>
    </ClCompile>
    <ClCompile Include="Antario\GUI\GUI.cpp">
      <Filter>Source Files</Filter>
    </ClCompile>
    <ClCompile Include="Antario\Alpha.cpp">
      <Filter>Source Files</Filter>
    </ClCompile>
    <ClCompile Include="Antario\Utils\Math.cpp">
      <Filter>Source Files</Filter>
    </ClCompile>
    <ClCompile Include="Antario\Features\EnginePrediction.cpp">
      <Filter>Source Files</Filter>
    </ClCompile>
    <ClCompile Include="Antario\Features\Hitmarker.cpp">
      <Filter>Source Files</Filter>
    </ClCompile>
    <ClCompile Include="Antario\Features\BulletTracer.cpp">
      <Filter>Source Files</Filter>
    </ClCompile>
    <ClCompile Include="Antario\Features\ESP.cpp">
      <Filter>Source Files</Filter>
    </ClCompile>
    <ClCompile Include="Antario\Features\SoundESP.cpp">
      <Filter>Source Files</Filter>
    </ClCompile>
    <ClCompile Include="Antario\Utils\Vector4D.cpp">
      <Filter>Source Files</Filter>
    </ClCompile>
    <ClCompile Include="Antario\Features\Chams.cpp">
      <Filter>Source Files</Filter>
    </ClCompile>
    <ClCompile Include="Antario\Features\Thirdperson.cpp">
      <Filter>Source Files</Filter>
    </ClCompile>
    <ClCompile Include="Antario\Features\Logs.cpp">
      <Filter>Source Files</Filter>
    </ClCompile>
    <ClCompile Include="Antario\Features\GrenadeRange.cpp">
      <Filter>Source Files</Filter>
    </ClCompile>
    <ClCompile Include="Antario\Features\Nightmode.cpp">
      <Filter>Source Files</Filter>
    </ClCompile>
    <ClCompile Include="Antario\SDK\SpoofedConVar.cpp">
      <Filter>Source Files</Filter>
    </ClCompile>
    <ClCompile Include="Antario\Rage\Zeusbot.cpp">
      <Filter>Source Files</Filter>
    </ClCompile>
    <ClCompile Include="Antario\Legit\Backtrack.cpp">
      <Filter>Source Files</Filter>
    </ClCompile>
    <ClCompile Include="Antario\Legit\Triggerbot.cpp">
      <Filter>Source Files</Filter>
    </ClCompile>
    <ClCompile Include="Antario\Rage\Antiaim.cpp">
      <Filter>Source Files</Filter>
    </ClCompile>
    <ClCompile Include="Antario\Rage\Ragebot.cpp">
      <Filter>Source Files</Filter>
    </ClCompile>
    <ClCompile Include="Antario\Rage\Autowall.cpp">
      <Filter>Source Files</Filter>
    </ClCompile>
    <ClCompile Include="Antario\Rage\Resolver.cpp">
      <Filter>Source Files</Filter>
    </ClCompile>
  </ItemGroup>
  <ItemGroup>
    <ClInclude Include="Antario\Hooks.h">
      <Filter>Header Files</Filter>
    </ClInclude>
    <ClInclude Include="Antario\SDK\IClientMode.h">
      <Filter>Header Files</Filter>
    </ClInclude>
    <ClInclude Include="Antario\SDK\Vector.h">
      <Filter>Header Files</Filter>
    </ClInclude>
    <ClInclude Include="Antario\SDK\CHandle.h">
      <Filter>Header Files</Filter>
    </ClInclude>
    <ClInclude Include="Antario\SDK\CEntity.h">
      <Filter>Header Files</Filter>
    </ClInclude>
    <ClInclude Include="Antario\SDK\IClientRenderable.h">
      <Filter>Header Files</Filter>
    </ClInclude>
    <ClInclude Include="Antario\SDK\IClientNetworkable.h">
      <Filter>Header Files</Filter>
    </ClInclude>
    <ClInclude Include="Antario\SDK\IClientUnknown.h">
      <Filter>Header Files</Filter>
    </ClInclude>
    <ClInclude Include="Antario\SDK\IClientEntity.h">
      <Filter>Header Files</Filter>
    </ClInclude>
    <ClInclude Include="Antario\SDK\IClientThinkable.h">
      <Filter>Header Files</Filter>
    </ClInclude>
    <ClInclude Include="Antario\SDK\VMatrix.h">
      <Filter>Header Files</Filter>
    </ClInclude>
    <ClInclude Include="Antario\SDK\Recv.h">
      <Filter>Header Files</Filter>
    </ClInclude>
    <ClInclude Include="Antario\Utils\NetvarManager.h">
      <Filter>Header Files</Filter>
    </ClInclude>
    <ClInclude Include="Antario\SDK\IBaseClientDll.h">
      <Filter>Header Files</Filter>
    </ClInclude>
    <ClInclude Include="Antario\SDK\ClientClass.h">
      <Filter>Header Files</Filter>
    </ClInclude>
    <ClInclude Include="Antario\SDK\Definitions.h">
      <Filter>Header Files</Filter>
    </ClInclude>
    <ClInclude Include="Antario\SDK\CGlobalVarsBase.h">
      <Filter>Header Files</Filter>
    </ClInclude>
    <ClInclude Include="Antario\Utils\Utils.h">
      <Filter>Header Files</Filter>
    </ClInclude>
    <ClInclude Include="Antario\SDK\CInput.h">
      <Filter>Header Files</Filter>
    </ClInclude>
    <ClInclude Include="Antario\Utils\Interfaces.h">
      <Filter>Header Files</Filter>
    </ClInclude>
    <ClInclude Include="Antario\SDK\IClientEntityList.h">
      <Filter>Header Files</Filter>
    </ClInclude>
    <ClInclude Include="Antario\SDK\IVEngineClient.h">
      <Filter>Header Files</Filter>
    </ClInclude>
    <ClInclude Include="Antario\SDK\PlayerInfo.h">
      <Filter>Header Files</Filter>
    </ClInclude>
    <ClInclude Include="Antario\SDK\CPrediction.h">
      <Filter>Header Files</Filter>
    </ClInclude>
    <ClInclude Include="Antario\Settings.h">
      <Filter>Header Files</Filter>
    </ClInclude>
    <ClInclude Include="Antario\Utils\DrawManager.h">
      <Filter>Header Files</Filter>
    </ClInclude>
    <ClInclude Include="Antario\Utils\D3DFont.h">
      <Filter>Header Files</Filter>
    </ClInclude>
    <ClInclude Include="Antario\SDK\IGameEvent.h">
      <Filter>Header Files</Filter>
    </ClInclude>
    <ClInclude Include="Antario\EventListener.h">
      <Filter>Header Files</Filter>
    </ClInclude>
    <ClInclude Include="Antario\SDK\KeyValues.h">
      <Filter>Header Files</Filter>
    </ClInclude>
    <ClInclude Include="Antario\Menu.h">
      <Filter>Header Files</Filter>
    </ClInclude>
    <ClInclude Include="Antario\Utils\GlobalVars.h">
      <Filter>Header Files</Filter>
    </ClInclude>
    <ClInclude Include="Antario\Utils\SPoint.h">
      <Filter>Header Files</Filter>
    </ClInclude>
    <ClInclude Include="Antario\Utils\SRect.h">
      <Filter>Header Files</Filter>
    </ClInclude>
    <ClInclude Include="Antario\Utils\Color.h">
      <Filter>Header Files</Filter>
    </ClInclude>
    <ClInclude Include="Antario\GUI\GUI.h">
      <Filter>Header Files</Filter>
    </ClInclude>
    <ClInclude Include="Antario\Alpha.h">
      <Filter>Header Files</Filter>
    </ClInclude>
    <ClInclude Include="Antario\Utils\Math.h">
      <Filter>Header Files</Filter>
    </ClInclude>
    <ClInclude Include="Antario\SDK\CDebugOverlay.h">
      <Filter>Header Files</Filter>
    </ClInclude>
    <ClInclude Include="Antario\SDK\Cvar.h">
      <Filter>Header Files</Filter>
    </ClInclude>
    <ClInclude Include="Antario\SDK\IRenderView.h">
      <Filter>Header Files</Filter>
    </ClInclude>
    <ClInclude Include="Antario\SDK\IMaterialSystem.h">
      <Filter>Header Files</Filter>
    </ClInclude>
    <ClInclude Include="Antario\SDK\ISurface.h">
      <Filter>Header Files</Filter>
    </ClInclude>
    <ClInclude Include="Antario\SDK\IVModelInfoClient.h">
      <Filter>Header Files</Filter>
    </ClInclude>
    <ClInclude Include="Antario\SDK\IViewRenderBeams.h">
      <Filter>Header Files</Filter>
    </ClInclude>
    <ClInclude Include="Antario\SDK\IVModelRender.h">
      <Filter>Header Files</Filter>
    </ClInclude>
    <ClInclude Include="Antario\SDK\Studio.h">
      <Filter>Header Files</Filter>
    </ClInclude>
    <ClInclude Include="Antario\SDK\IAppSystem.h">
      <Filter>Header Files</Filter>
    </ClInclude>
    <ClInclude Include="Antario\SDK\Singleton.h">
      <Filter>Header Files</Filter>
    </ClInclude>
    <ClInclude Include="Antario\Features\Misc.h">
      <Filter>Header Files</Filter>
    </ClInclude>
    <ClInclude Include="Antario\Features\EnginePrediction.h">
      <Filter>Header Files</Filter>
    </ClInclude>
    <ClInclude Include="Antario\Features\Features.h">
      <Filter>Header Files</Filter>
    </ClInclude>
    <ClInclude Include="Antario\Features\Hitmarker.h">
      <Filter>Header Files</Filter>
    </ClInclude>
    <ClInclude Include="Antario\Features\Glow.h">
      <Filter>Header Files</Filter>
    </ClInclude>
    <ClInclude Include="Antario\Features\BulletTracer.h">
      <Filter>Header Files</Filter>
    </ClInclude>
    <ClInclude Include="Antario\Features\ESP.h">
      <Filter>Header Files</Filter>
    </ClInclude>
    <ClInclude Include="Antario\Features\SoundESP.h">
      <Filter>Header Files</Filter>
    </ClInclude>
    <ClInclude Include="Antario\Utils\Vector4D.h">
      <Filter>Header Files</Filter>
    </ClInclude>
    <ClInclude Include="Antario\Features\Chams.h">
      <Filter>Header Files</Filter>
    </ClInclude>
    <ClInclude Include="Antario\Features\Thirdperson.h">
      <Filter>Header Files</Filter>
    </ClInclude>
    <ClInclude Include="Antario\GUI\Keybind.h">
      <Filter>Header Files</Filter>
    </ClInclude>
    <ClInclude Include="Antario\Features\Logs.h">
      <Filter>Header Files</Filter>
    </ClInclude>
    <ClInclude Include="Antario\SDK\IEngineSound.h">
      <Filter>Header Files</Filter>
    </ClInclude>
    <ClInclude Include="Antario\SDK\IWeaponSystem.h">
      <Filter>Header Files</Filter>
    </ClInclude>
    <ClInclude Include="Antario\SDK\IPanel.h">
      <Filter>Header Files</Filter>
    </ClInclude>
    <ClInclude Include="Antario\Features\GrenadeRange.h">
      <Filter>Header Files</Filter>
    </ClInclude>
    <ClInclude Include="Antario\SDK\IEngineTrace.h">
      <Filter>Header Files</Filter>
    </ClInclude>
    <ClInclude Include="Antario\Features\Nightmode.h">
      <Filter>Header Files</Filter>
    </ClInclude>
    <ClInclude Include="Antario\SDK\SpoofedConVar.h">
      <Filter>Header Files</Filter>
    </ClInclude>
    <ClInclude Include="Antario\Rage\Zeusbot.h">
      <Filter>Header Files</Filter>
    </ClInclude>
    <ClInclude Include="Antario\Legit\Backtrack.h">
      <Filter>Header Files</Filter>
    </ClInclude>
    <ClInclude Include="Antario\SDK\CClientState.h">
      <Filter>Header Files</Filter>
    </ClInclude>
    <ClInclude Include="Antario\SDK\UtlMemory.h">
      <Filter>Header Files</Filter>
    </ClInclude>
    <ClInclude Include="Antario\SDK\UtlVector.h">
      <Filter>Header Files</Filter>
    </ClInclude>
    <ClInclude Include="Antario\SDK\Platform.h">
      <Filter>Header Files</Filter>
    </ClInclude>
    <ClInclude Include="Antario\Legit\Triggerbot.h">
      <Filter>Header Files</Filter>
    </ClInclude>
    <ClInclude Include="Antario\Utils\Images.h">
      <Filter>Header Files</Filter>
    </ClInclude>
    <ClInclude Include="Antario\Rage\Antiaim.h">
      <Filter>Header Files</Filter>
    </ClInclude>
    <ClInclude Include="Antario\Rage\Ragebot.h">
      <Filter>Header Files</Filter>
    </ClInclude>
    <ClInclude Include="Antario\SDK\IPhysics.h">
      <Filter>Header Files</Filter>
    </ClInclude>
    <ClInclude Include="Antario\Rage\Autowall.h">
      <Filter>Header Files</Filter>
    </ClInclude>
    <ClInclude Include="Antario\Rage\Resolver.h">
      <Filter>Header Files</Filter>
    </ClInclude>
  </ItemGroup>
</Project>